
Microsoft Visual Studio Solution File, Format Version 12.00
# Visual Studio 15
VisualStudioVersion = 15.0.28307.136
MinimumVisualStudioVersion = 10.0.40219.1
Project("{FAE04EC0-301F-11D3-BF4B-00C04F79EFBC}") = "PastasEArquivos", "PastasEArquivos\PastasEArquivos.csproj", "{0407B5AC-B6DF-41CE-81C9-A951EE35BD17}"
EndProject
Global
	GlobalSection(SolutionConfigurationPlatforms) = preSolution
		Debug|Any CPU = Debug|Any CPU
		Release|Any CPU = Release|Any CPU
	EndGlobalSection
	GlobalSection(ProjectConfigurationPlatforms) = postSolution
		{0407B5AC-B6DF-41CE-81C9-A951EE35BD17}.Debug|Any CPU.ActiveCfg = Debug|Any CPU
		{0407B5AC-B6DF-41CE-81C9-A951EE35BD17}.Debug|Any CPU.Build.0 = Debug|Any CPU
		{0407B5AC-B6DF-41CE-81C9-A951EE35BD17}.Release|Any CPU.ActiveCfg = Release|Any CPU
		{0407B5AC-B6DF-41CE-81C9-A951EE35BD17}.Release|Any CPU.Build.0 = Release|Any CPU
	EndGlobalSection
	GlobalSection(SolutionProperties) = preSolution
		HideSolutionNode = FALSE
	EndGlobalSection
	GlobalSection(ExtensibilityGlobals) = postSolution
		SolutionGuid = {AC3B8380-0D98-4F33-AD7E-1AC9806DB8A3}
	EndGlobalSection
EndGlobal
