
Microsoft Visual Studio Solution File, Format Version 12.00
# Visual Studio 15
VisualStudioVersion = 15.0.28307.136
MinimumVisualStudioVersion = 10.0.40219.1
Project("{FAE04EC0-301F-11D3-BF4B-00C04F79EFBC}") = "ExEnum", "ExEnum\ExEnum.csproj", "{4CC1BB19-766F-4EFD-84FD-F8DBDB241C91}"
EndProject
Global
	GlobalSection(SolutionConfigurationPlatforms) = preSolution
		Debug|Any CPU = Debug|Any CPU
		Release|Any CPU = Release|Any CPU
	EndGlobalSection
	GlobalSection(ProjectConfigurationPlatforms) = postSolution
		{4CC1BB19-766F-4EFD-84FD-F8DBDB241C91}.Debug|Any CPU.ActiveCfg = Debug|Any CPU
		{4CC1BB19-766F-4EFD-84FD-F8DBDB241C91}.Debug|Any CPU.Build.0 = Debug|Any CPU
		{4CC1BB19-766F-4EFD-84FD-F8DBDB241C91}.Release|Any CPU.ActiveCfg = Release|Any CPU
		{4CC1BB19-766F-4EFD-84FD-F8DBDB241C91}.Release|Any CPU.Build.0 = Release|Any CPU
	EndGlobalSection
	GlobalSection(SolutionProperties) = preSolution
		HideSolutionNode = FALSE
	EndGlobalSection
	GlobalSection(ExtensibilityGlobals) = postSolution
		SolutionGuid = {EE743D93-D4C6-492A-A377-FB8C7B41D8A9}
	EndGlobalSection
EndGlobal
