
Microsoft Visual Studio Solution File, Format Version 12.00
# Visual Studio 15
VisualStudioVersion = 15.0.28307.136
MinimumVisualStudioVersion = 10.0.40219.1
Project("{FAE04EC0-301F-11D3-BF4B-00C04F79EFBC}") = "MDIForms", "MDIForms\MDIForms.csproj", "{B6795283-F752-4BA1-86D1-5E29C8B23684}"
EndProject
Global
	GlobalSection(SolutionConfigurationPlatforms) = preSolution
		Debug|Any CPU = Debug|Any CPU
		Release|Any CPU = Release|Any CPU
	EndGlobalSection
	GlobalSection(ProjectConfigurationPlatforms) = postSolution
		{B6795283-F752-4BA1-86D1-5E29C8B23684}.Debug|Any CPU.ActiveCfg = Debug|Any CPU
		{B6795283-F752-4BA1-86D1-5E29C8B23684}.Debug|Any CPU.Build.0 = Debug|Any CPU
		{B6795283-F752-4BA1-86D1-5E29C8B23684}.Release|Any CPU.ActiveCfg = Release|Any CPU
		{B6795283-F752-4BA1-86D1-5E29C8B23684}.Release|Any CPU.Build.0 = Release|Any CPU
	EndGlobalSection
	GlobalSection(SolutionProperties) = preSolution
		HideSolutionNode = FALSE
	EndGlobalSection
	GlobalSection(ExtensibilityGlobals) = postSolution
		SolutionGuid = {6B157E03-2F68-41A7-97F9-D211EF10624E}
	EndGlobalSection
EndGlobal
