
Microsoft Visual Studio Solution File, Format Version 12.00
# Visual Studio 15
VisualStudioVersion = 15.0.28307.136
MinimumVisualStudioVersion = 10.0.40219.1
Project("{FAE04EC0-301F-11D3-BF4B-00C04F79EFBC}") = "ExercMatrizes02", "ExercMatrizes02\ExercMatrizes02.csproj", "{636E6110-DF4A-44B4-8C05-A1CAE01BA6DC}"
EndProject
Global
	GlobalSection(SolutionConfigurationPlatforms) = preSolution
		Debug|Any CPU = Debug|Any CPU
		Release|Any CPU = Release|Any CPU
	EndGlobalSection
	GlobalSection(ProjectConfigurationPlatforms) = postSolution
		{636E6110-DF4A-44B4-8C05-A1CAE01BA6DC}.Debug|Any CPU.ActiveCfg = Debug|Any CPU
		{636E6110-DF4A-44B4-8C05-A1CAE01BA6DC}.Debug|Any CPU.Build.0 = Debug|Any CPU
		{636E6110-DF4A-44B4-8C05-A1CAE01BA6DC}.Release|Any CPU.ActiveCfg = Release|Any CPU
		{636E6110-DF4A-44B4-8C05-A1CAE01BA6DC}.Release|Any CPU.Build.0 = Release|Any CPU
	EndGlobalSection
	GlobalSection(SolutionProperties) = preSolution
		HideSolutionNode = FALSE
	EndGlobalSection
	GlobalSection(ExtensibilityGlobals) = postSolution
		SolutionGuid = {41555E44-46A5-45CB-A37B-EAB22B89F367}
	EndGlobalSection
EndGlobal
