
Microsoft Visual Studio Solution File, Format Version 12.00
# Visual Studio 15
VisualStudioVersion = 15.0.28307.136
MinimumVisualStudioVersion = 10.0.40219.1
Project("{FAE04EC0-301F-11D3-BF4B-00C04F79EFBC}") = "ExercEncapsulamento", "ExercEncapsulamento\ExercEncapsulamento.csproj", "{5AFA3D81-34BA-4ED6-84E4-50AAD938CB5F}"
EndProject
Global
	GlobalSection(SolutionConfigurationPlatforms) = preSolution
		Debug|Any CPU = Debug|Any CPU
		Release|Any CPU = Release|Any CPU
	EndGlobalSection
	GlobalSection(ProjectConfigurationPlatforms) = postSolution
		{5AFA3D81-34BA-4ED6-84E4-50AAD938CB5F}.Debug|Any CPU.ActiveCfg = Debug|Any CPU
		{5AFA3D81-34BA-4ED6-84E4-50AAD938CB5F}.Debug|Any CPU.Build.0 = Debug|Any CPU
		{5AFA3D81-34BA-4ED6-84E4-50AAD938CB5F}.Release|Any CPU.ActiveCfg = Release|Any CPU
		{5AFA3D81-34BA-4ED6-84E4-50AAD938CB5F}.Release|Any CPU.Build.0 = Release|Any CPU
	EndGlobalSection
	GlobalSection(SolutionProperties) = preSolution
		HideSolutionNode = FALSE
	EndGlobalSection
	GlobalSection(ExtensibilityGlobals) = postSolution
		SolutionGuid = {07165000-AC0C-4D1B-BAAA-C6E842CFF8DD}
	EndGlobalSection
EndGlobal
