
Microsoft Visual Studio Solution File, Format Version 12.00
# Visual Studio 15
VisualStudioVersion = 15.0.28307.136
MinimumVisualStudioVersion = 10.0.40219.1
Project("{FAE04EC0-301F-11D3-BF4B-00C04F79EFBC}") = "ExercEstrutWhile02", "ExercEstrutWhile02\ExercEstrutWhile02.csproj", "{BE3A7630-CC1D-44F4-AECD-BB6539F77BF6}"
EndProject
Global
	GlobalSection(SolutionConfigurationPlatforms) = preSolution
		Debug|Any CPU = Debug|Any CPU
		Release|Any CPU = Release|Any CPU
	EndGlobalSection
	GlobalSection(ProjectConfigurationPlatforms) = postSolution
		{BE3A7630-CC1D-44F4-AECD-BB6539F77BF6}.Debug|Any CPU.ActiveCfg = Debug|Any CPU
		{BE3A7630-CC1D-44F4-AECD-BB6539F77BF6}.Debug|Any CPU.Build.0 = Debug|Any CPU
		{BE3A7630-CC1D-44F4-AECD-BB6539F77BF6}.Release|Any CPU.ActiveCfg = Release|Any CPU
		{BE3A7630-CC1D-44F4-AECD-BB6539F77BF6}.Release|Any CPU.Build.0 = Release|Any CPU
	EndGlobalSection
	GlobalSection(SolutionProperties) = preSolution
		HideSolutionNode = FALSE
	EndGlobalSection
	GlobalSection(ExtensibilityGlobals) = postSolution
		SolutionGuid = {177B0FFF-4959-446E-BC8B-09F1FFB2A037}
	EndGlobalSection
EndGlobal
