
Microsoft Visual Studio Solution File, Format Version 12.00
# Visual Studio 15
VisualStudioVersion = 15.0.28307.136
MinimumVisualStudioVersion = 10.0.40219.1
Project("{FAE04EC0-301F-11D3-BF4B-00C04F79EFBC}") = "ExercEstrutFor01", "ExercEstrutFor01\ExercEstrutFor01.csproj", "{94CC77F1-D9B7-44B2-A6ED-81B624ADC8DD}"
EndProject
Global
	GlobalSection(SolutionConfigurationPlatforms) = preSolution
		Debug|Any CPU = Debug|Any CPU
		Release|Any CPU = Release|Any CPU
	EndGlobalSection
	GlobalSection(ProjectConfigurationPlatforms) = postSolution
		{94CC77F1-D9B7-44B2-A6ED-81B624ADC8DD}.Debug|Any CPU.ActiveCfg = Debug|Any CPU
		{94CC77F1-D9B7-44B2-A6ED-81B624ADC8DD}.Debug|Any CPU.Build.0 = Debug|Any CPU
		{94CC77F1-D9B7-44B2-A6ED-81B624ADC8DD}.Release|Any CPU.ActiveCfg = Release|Any CPU
		{94CC77F1-D9B7-44B2-A6ED-81B624ADC8DD}.Release|Any CPU.Build.0 = Release|Any CPU
	EndGlobalSection
	GlobalSection(SolutionProperties) = preSolution
		HideSolutionNode = FALSE
	EndGlobalSection
	GlobalSection(ExtensibilityGlobals) = postSolution
		SolutionGuid = {C9153CD1-7CEC-4762-BA03-D77014FF8BCB}
	EndGlobalSection
EndGlobal
